Microsoft Visual Studio Solution File, Format Version 12.00
# Visual Studio Version 17
VisualStudioVersion = 17.5.2.0
MinimumVisualStudioVersion = 10.0.40219.1
Project("{FAE04EC0-301F-11D3-BF4B-00C04F79EFBC}") = "VeterinariaSystem", "VeterinariaSystem.csproj", "{25EE20CD-CA8E-7C4D-A22D-354941E9D790}"
EndProject
Global
	GlobalSection(SolutionConfigurationPlatforms) = preSolution
		Debug|Any CPU = Debug|Any CPU
		Release|Any CPU = Release|Any CPU
	EndGlobalSection
	GlobalSection(ProjectConfigurationPlatforms) = postSolution
		{25EE20CD-CA8E-7C4D-A22D-354941E9D790}.Debug|Any CPU.ActiveCfg = Debug|Any CPU
		{25EE20CD-CA8E-7C4D-A22D-354941E9D790}.Debug|Any CPU.Build.0 = Debug|Any CPU
		{25EE20CD-CA8E-7C4D-A22D-354941E9D790}.Release|Any CPU.ActiveCfg = Release|Any CPU
		{25EE20CD-CA8E-7C4D-A22D-354941E9D790}.Release|Any CPU.Build.0 = Release|Any CPU
	EndGlobalSection
	GlobalSection(SolutionProperties) = preSolution
		HideSolutionNode = FALSE
	EndGlobalSection
	GlobalSection(ExtensibilityGlobals) = postSolution
		SolutionGuid = {B22707C0-443F-4042-8F21-E2CBBA6D536B}
	EndGlobalSection
EndGlobal
